// !$*UTF8*$!
{
	archiveVersion = 1;
	classes = {
	};
	objectVersion = 50;
	objects = {

/* Begin PBXBuildFile section */
		2DC1B626DA5C2C6A66F9653D /* Pods_PhotoGalleryApp.framework in Frameworks */ = {isa = PBXBuildFile; fileRef = 4FAA040055A3DDFEDC6348FE /* Pods_PhotoGalleryApp.framework */; };
		362F7495CCCB237B750FFEAF /* Pods_PhotoGalleryAppTests.framework in Frameworks */ = {isa = PBXBuildFile; fileRef = 92958C2B8739C2C2992CA8BB /* Pods_PhotoGalleryAppTests.framework */; };
		39CC4449E8279FF786549792 /* Pods_PhotoGalleryAppUITests.framework in Frameworks */ = {isa = PBXBuildFile; fileRef = A44ED98458099E899E2C9EF2 /* Pods_PhotoGalleryAppUITests.framework */; };
		AC1AF6CB210D82C00038FDF4 /* AppDelegate.swift in Sources */ = {isa = PBXBuildFile; fileRef = AC1AF6CA210D82C00038FDF4 /* AppDelegate.swift */; };
		AC1AF6CD210D82C00038FDF4 /* LandingViewController.swift in Sources */ = {isa = PBXBuildFile; fileRef = AC1AF6CC210D82C00038FDF4 /* LandingViewController.swift */; };
		AC1AF6D0210D82C00038FDF4 /* Main.storyboard in Resources */ = {isa = PBXBuildFile; fileRef = AC1AF6CE210D82C00038FDF4 /* Main.storyboard */; };
		AC1AF6D3210D82C00038FDF4 /* PhotoGalleryApp.xcdatamodeld in Sources */ = {isa = PBXBuildFile; fileRef = AC1AF6D1210D82C00038FDF4 /* PhotoGalleryApp.xcdatamodeld */; };
		AC1AF6D5210D82C30038FDF4 /* Assets.xcassets in Resources */ = {isa = PBXBuildFile; fileRef = AC1AF6D4210D82C30038FDF4 /* Assets.xcassets */; };
		AC1AF6D8210D82C30038FDF4 /* LaunchScreen.storyboard in Resources */ = {isa = PBXBuildFile; fileRef = AC1AF6D6210D82C30038FDF4 /* LaunchScreen.storyboard */; };
		AC1AF6E3210D82C30038FDF4 /* PhotoGalleryAppTests.swift in Sources */ = {isa = PBXBuildFile; fileRef = AC1AF6E2210D82C30038FDF4 /* PhotoGalleryAppTests.swift */; };
		AC1AF6EE210D82C30038FDF4 /* PhotoGalleryAppUITests.swift in Sources */ = {isa = PBXBuildFile; fileRef = AC1AF6ED210D82C30038FDF4 /* PhotoGalleryAppUITests.swift */; };
		AC1AF707210DD3FE0038FDF4 /* PhotoGalleryTableViewCell.swift in Sources */ = {isa = PBXBuildFile; fileRef = AC1AF706210DD3FE0038FDF4 /* PhotoGalleryTableViewCell.swift */; };
		AC1D8A51214E39E200706FBF /* SearchResultCollectionViewCell.swift in Sources */ = {isa = PBXBuildFile; fileRef = AC1D8A50214E39E200706FBF /* SearchResultCollectionViewCell.swift */; };
		AC1D8A53214FC7F700706FBF /* UIViewExtension.swift in Sources */ = {isa = PBXBuildFile; fileRef = AC1D8A52214FC7F700706FBF /* UIViewExtension.swift */; };
		AC4313C1213EF49B006300EE /* UIImageViewExtension.swift in Sources */ = {isa = PBXBuildFile; fileRef = AC4313C0213EF49B006300EE /* UIImageViewExtension.swift */; };
		AC4313C3213FAB48006300EE /* Theme.swift in Sources */ = {isa = PBXBuildFile; fileRef = AC4313C2213FAB48006300EE /* Theme.swift */; };
		AC4313C5213FAD0C006300EE /* UIImageExtension.swift in Sources */ = {isa = PBXBuildFile; fileRef = AC4313C4213FAD0C006300EE /* UIImageExtension.swift */; };
		AC7003C02132A0E200C1EA74 /* KeyConstants.swift in Sources */ = {isa = PBXBuildFile; fileRef = AC7003BF2132A0E200C1EA74 /* KeyConstants.swift */; };
		AC7003C22132A0E900C1EA74 /* AppEnums.swift in Sources */ = {isa = PBXBuildFile; fileRef = AC7003C12132A0E900C1EA74 /* AppEnums.swift */; };
		AC7003C42132A10500C1EA74 /* LandingViewModel.swift in Sources */ = {isa = PBXBuildFile; fileRef = AC7003C32132A10500C1EA74 /* LandingViewModel.swift */; };
		AC7003C62132A12000C1EA74 /* FetchPhotoService.swift in Sources */ = {isa = PBXBuildFile; fileRef = AC7003C52132A11F00C1EA74 /* FetchPhotoService.swift */; };
		AC741489216B97800062C492 /* ImageViewController.swift in Sources */ = {isa = PBXBuildFile; fileRef = AC741488216B97800062C492 /* ImageViewController.swift */; };
		AC74148B216CBAB70062C492 /* TestViewController.swift in Sources */ = {isa = PBXBuildFile; fileRef = AC74148A216CBAB70062C492 /* TestViewController.swift */; };
		ACC5F819217369340054065E /* NotificationPayload.apns in Resources */ = {isa = PBXBuildFile; fileRef = ACC5F818217369340054065E /* NotificationPayload.apns */; };
		ACD842C2213ACFD60099A62B /* TabBarViewController.swift in Sources */ = {isa = PBXBuildFile; fileRef = ACD842C1213ACFD60099A62B /* TabBarViewController.swift */; };
		ACD842C4213AD5930099A62B /* StringConstants.swift in Sources */ = {isa = PBXBuildFile; fileRef = ACD842C3213AD5930099A62B /* StringConstants.swift */; };
		ACD842C6213AF6590099A62B /* SearchViewController.swift in Sources */ = {isa = PBXBuildFile; fileRef = ACD842C5213AF6590099A62B /* SearchViewController.swift */; };
		ACD842C8213BA7410099A62B /* AppConstants.swift in Sources */ = {isa = PBXBuildFile; fileRef = ACD842C7213BA7410099A62B /* AppConstants.swift */; };
		ACD842CB213BAAC30099A62B /* PhotoCellModel.swift in Sources */ = {isa = PBXBuildFile; fileRef = ACD842CA213BAAC30099A62B /* PhotoCellModel.swift */; };
		ACD842CD213BAFC80099A62B /* AppUtility.swift in Sources */ = {isa = PBXBuildFile; fileRef = ACD842CC213BAFC80099A62B /* AppUtility.swift */; };
		ACD842D1213C56570099A62B /* AppError.swift in Sources */ = {isa = PBXBuildFile; fileRef = ACD842D0213C56570099A62B /* AppError.swift */; };
		ACDACF23217E302500CC03C0 /* Photos+CoreDataClass.swift in Sources */ = {isa = PBXBuildFile; fileRef = ACDACF21217E302400CC03C0 /* Photos+CoreDataClass.swift */; };
		ACDACF24217E302500CC03C0 /* Photos+CoreDataProperties.swift in Sources */ = {isa = PBXBuildFile; fileRef = ACDACF22217E302500CC03C0 /* Photos+CoreDataProperties.swift */; };
		ACDACF26217E32E500CC03C0 /* CoreDataStack.swift in Sources */ = {isa = PBXBuildFile; fileRef = ACDACF25217E32E500CC03C0 /* CoreDataStack.swift */; };
		ACDACF28217E3CEC00CC03C0 /* CoreDataUtil.swift in Sources */ = {isa = PBXBuildFile; fileRef = ACDACF27217E3CEC00CC03C0 /* CoreDataUtil.swift */; };
		ACE0D0C3214A5385008DF0E6 /* AppURLConstants.swift in Sources */ = {isa = PBXBuildFile; fileRef = ACE0D0C2214A5385008DF0E6 /* AppURLConstants.swift */; };
/* End PBXBuildFile section */

/* Begin PBXContainerItemProxy section */
		AC1AF6DF210D82C30038FDF4 /* PBXContainerItemProxy */ = {
			isa = PBXContainerItemProxy;
			containerPortal = AC1AF6BF210D82C00038FDF4 /* Project object */;
			proxyType = 1;
			remoteGlobalIDString = AC1AF6C6210D82C00038FDF4;
			remoteInfo = PhotoGalleryApp;
		};
		AC1AF6EA210D82C30038FDF4 /* PBXContainerItemProxy */ = {
			isa = PBXContainerItemProxy;
			containerPortal = AC1AF6BF210D82C00038FDF4 /* Project object */;
			proxyType = 1;
			remoteGlobalIDString = AC1AF6C6210D82C00038FDF4;
			remoteInfo = PhotoGalleryApp;
		};
/* End PBXContainerItemProxy section */

/* Begin PBXFileReference section */
		034D9916BCEAF796B6BE75B4 /* Pods-PhotoGalleryApp.release.xcconfig */ = {isa = PBXFileReference; includeInIndex = 1; lastKnownFileType = text.xcconfig; name = "Pods-PhotoGalleryApp.release.xcconfig"; path = "Pods/Target Support Files/Pods-PhotoGalleryApp/Pods-PhotoGalleryApp.release.xcconfig"; sourceTree = "<group>"; };
		056C66AE47CCF9BCA18F7846 /* Pods-PhotoGalleryAppTests.debug.xcconfig */ = {isa = PBXFileReference; includeInIndex = 1; lastKnownFileType = text.xcconfig; name = "Pods-PhotoGalleryAppTests.debug.xcconfig"; path = "Pods/Target Support Files/Pods-PhotoGalleryAppTests/Pods-PhotoGalleryAppTests.debug.xcconfig"; sourceTree = "<group>"; };
		4FAA040055A3DDFEDC6348FE /* Pods_PhotoGalleryApp.framework */ = {isa = PBXFileReference; explicitFileType = wrapper.framework; includeInIndex = 0; path = Pods_PhotoGalleryApp.framework; sourceTree = BUILT_PRODUCTS_DIR; };
		7CC0B027804E4859A6D70C77 /* Pods-PhotoGalleryApp.debug.xcconfig */ = {isa = PBXFileReference; includeInIndex = 1; lastKnownFileType = text.xcconfig; name = "Pods-PhotoGalleryApp.debug.xcconfig"; path = "Pods/Target Support Files/Pods-PhotoGalleryApp/Pods-PhotoGalleryApp.debug.xcconfig"; sourceTree = "<group>"; };
		92958C2B8739C2C2992CA8BB /* Pods_PhotoGalleryAppTests.framework */ = {isa = PBXFileReference; explicitFileType = wrapper.framework; includeInIndex = 0; path = Pods_PhotoGalleryAppTests.framework; sourceTree = BUILT_PRODUCTS_DIR; };
		95FA6A4E8E2180693272A6AC /* Pods-PhotoGalleryAppUITests.debug.xcconfig */ = {isa = PBXFileReference; includeInIndex = 1; lastKnownFileType = text.xcconfig; name = "Pods-PhotoGalleryAppUITests.debug.xcconfig"; path = "Pods/Target Support Files/Pods-PhotoGalleryAppUITests/Pods-PhotoGalleryAppUITests.debug.xcconfig"; sourceTree = "<group>"; };
		A44ED98458099E899E2C9EF2 /* Pods_PhotoGalleryAppUITests.framework */ = {isa = PBXFileReference; explicitFileType = wrapper.framework; includeInIndex = 0; path = Pods_PhotoGalleryAppUITests.framework; sourceTree = BUILT_PRODUCTS_DIR; };
		AC1AF6C7210D82C00038FDF4 /* PhotoGalleryApp.app */ = {isa = PBXFileReference; explicitFileType = wrapper.application; includeInIndex = 0; path = PhotoGalleryApp.app; sourceTree = BUILT_PRODUCTS_DIR; };
		AC1AF6CA210D82C00038FDF4 /* AppDelegate.swift */ = {isa = PBXFileReference; lastKnownFileType = sourcecode.swift; path = AppDelegate.swift; sourceTree = "<group>"; };
		AC1AF6CC210D82C00038FDF4 /* LandingViewController.swift */ = {isa = PBXFileReference; lastKnownFileType = sourcecode.swift; path = LandingViewController.swift; sourceTree = "<group>"; };
		AC1AF6CF210D82C00038FDF4 /* Base */ = {isa = PBXFileReference; lastKnownFileType = file.storyboard; name = Base; path = Base.lproj/Main.storyboard; sourceTree = "<group>"; };
		AC1AF6D2210D82C00038FDF4 /* PhotoGalleryApp.xcdatamodel */ = {isa = PBXFileReference; lastKnownFileType = wrapper.xcdatamodel; path = PhotoGalleryApp.xcdatamodel; sourceTree = "<group>"; };
		AC1AF6D4210D82C30038FDF4 /* Assets.xcassets */ = {isa = PBXFileReference; lastKnownFileType = folder.assetcatalog; path = Assets.xcassets; sourceTree = "<group>"; };
		AC1AF6D7210D82C30038FDF4 /* Base */ = {isa = PBXFileReference; lastKnownFileType = file.storyboard; name = Base; path = Base.lproj/LaunchScreen.storyboard; sourceTree = "<group>"; };
		AC1AF6D9210D82C30038FDF4 /* Info.plist */ = {isa = PBXFileReference; lastKnownFileType = text.plist.xml; path = Info.plist; sourceTree = "<group>"; };
		AC1AF6DE210D82C30038FDF4 /* PhotoGalleryAppTests.xctest */ = {isa = PBXFileReference; explicitFileType = wrapper.cfbundle; includeInIndex = 0; path = PhotoGalleryAppTests.xctest; sourceTree = BUILT_PRODUCTS_DIR; };
		AC1AF6E2210D82C30038FDF4 /* PhotoGalleryAppTests.swift */ = {isa = PBXFileReference; lastKnownFileType = sourcecode.swift; path = PhotoGalleryAppTests.swift; sourceTree = "<group>"; };
		AC1AF6E4210D82C30038FDF4 /* Info.plist */ = {isa = PBXFileReference; lastKnownFileType = text.plist.xml; path = Info.plist; sourceTree = "<group>"; };
		AC1AF6E9210D82C30038FDF4 /* PhotoGalleryAppUITests.xctest */ = {isa = PBXFileReference; explicitFileType = wrapper.cfbundle; includeInIndex = 0; path = PhotoGalleryAppUITests.xctest; sourceTree = BUILT_PRODUCTS_DIR; };
		AC1AF6ED210D82C30038FDF4 /* PhotoGalleryAppUITests.swift */ = {isa = PBXFileReference; lastKnownFileType = sourcecode.swift; path = PhotoGalleryAppUITests.swift; sourceTree = "<group>"; };
		AC1AF6EF210D82C30038FDF4 /* Info.plist */ = {isa = PBXFileReference; lastKnownFileType = text.plist.xml; path = Info.plist; sourceTree = "<group>"; };
		AC1AF706210DD3FE0038FDF4 /* PhotoGalleryTableViewCell.swift */ = {isa = PBXFileReference; lastKnownFileType = sourcecode.swift; path = PhotoGalleryTableViewCell.swift; sourceTree = "<group>"; };
		AC1D8A50214E39E200706FBF /* SearchResultCollectionViewCell.swift */ = {isa = PBXFileReference; lastKnownFileType = sourcecode.swift; path = SearchResultCollectionViewCell.swift; sourceTree = "<group>"; };
		AC1D8A52214FC7F700706FBF /* UIViewExtension.swift */ = {isa = PBXFileReference; lastKnownFileType = sourcecode.swift; path = UIViewExtension.swift; sourceTree = "<group>"; };
		AC4313C0213EF49B006300EE /* UIImageViewExtension.swift */ = {isa = PBXFileReference; lastKnownFileType = sourcecode.swift; path = UIImageViewExtension.swift; sourceTree = "<group>"; };
		AC4313C2213FAB48006300EE /* Theme.swift */ = {isa = PBXFileReference; lastKnownFileType = sourcecode.swift; path = Theme.swift; sourceTree = "<group>"; };
		AC4313C4213FAD0C006300EE /* UIImageExtension.swift */ = {isa = PBXFileReference; lastKnownFileType = sourcecode.swift; path = UIImageExtension.swift; sourceTree = "<group>"; };
		AC7003BF2132A0E200C1EA74 /* KeyConstants.swift */ = {isa = PBXFileReference; fileEncoding = 4; lastKnownFileType = sourcecode.swift; path = KeyConstants.swift; sourceTree = "<group>"; };
		AC7003C12132A0E900C1EA74 /* AppEnums.swift */ = {isa = PBXFileReference; fileEncoding = 4; lastKnownFileType = sourcecode.swift; path = AppEnums.swift; sourceTree = "<group>"; };
		AC7003C32132A10500C1EA74 /* LandingViewModel.swift */ = {isa = PBXFileReference; fileEncoding = 4; lastKnownFileType = sourcecode.swift; path = LandingViewModel.swift; sourceTree = "<group>"; };
		AC7003C52132A11F00C1EA74 /* FetchPhotoService.swift */ = {isa = PBXFileReference; fileEncoding = 4; lastKnownFileType = sourcecode.swift; path = FetchPhotoService.swift; sourceTree = "<group>"; };
		AC741488216B97800062C492 /* ImageViewController.swift */ = {isa = PBXFileReference; lastKnownFileType = sourcecode.swift; path = ImageViewController.swift; sourceTree = "<group>"; };
		AC74148A216CBAB70062C492 /* TestViewController.swift */ = {isa = PBXFileReference; lastKnownFileType = sourcecode.swift; path = TestViewController.swift; sourceTree = "<group>"; };
		ACC5F818217369340054065E /* NotificationPayload.apns */ = {isa = PBXFileReference; lastKnownFileType = text; path = NotificationPayload.apns; sourceTree = "<group>"; };
		ACD842C1213ACFD60099A62B /* TabBarViewController.swift */ = {isa = PBXFileReference; lastKnownFileType = sourcecode.swift; path = TabBarViewController.swift; sourceTree = "<group>"; };
		ACD842C3213AD5930099A62B /* StringConstants.swift */ = {isa = PBXFileReference; lastKnownFileType = sourcecode.swift; path = StringConstants.swift; sourceTree = "<group>"; };
		ACD842C5213AF6590099A62B /* SearchViewController.swift */ = {isa = PBXFileReference; lastKnownFileType = sourcecode.swift; path = SearchViewController.swift; sourceTree = "<group>"; };
		ACD842C7213BA7410099A62B /* AppConstants.swift */ = {isa = PBXFileReference; lastKnownFileType = sourcecode.swift; path = AppConstants.swift; sourceTree = "<group>"; };
		ACD842CA213BAAC30099A62B /* PhotoCellModel.swift */ = {isa = PBXFileReference; lastKnownFileType = sourcecode.swift; path = PhotoCellModel.swift; sourceTree = "<group>"; };
		ACD842CC213BAFC80099A62B /* AppUtility.swift */ = {isa = PBXFileReference; lastKnownFileType = sourcecode.swift; path = AppUtility.swift; sourceTree = "<group>"; };
		ACD842D0213C56570099A62B /* AppError.swift */ = {isa = PBXFileReference; lastKnownFileType = sourcecode.swift; path = AppError.swift; sourceTree = "<group>"; };
		ACDACF21217E302400CC03C0 /* Photos+CoreDataClass.swift */ = {isa = PBXFileReference; fileEncoding = 4; lastKnownFileType = sourcecode.swift; path = "Photos+CoreDataClass.swift"; sourceTree = "<group>"; };
		ACDACF22217E302500CC03C0 /* Photos+CoreDataProperties.swift */ = {isa = PBXFileReference; fileEncoding = 4; lastKnownFileType = sourcecode.swift; path = "Photos+CoreDataProperties.swift"; sourceTree = "<group>"; };
		ACDACF25217E32E500CC03C0 /* CoreDataStack.swift */ = {isa = PBXFileReference; lastKnownFileType = sourcecode.swift; path = CoreDataStack.swift; sourceTree = "<group>"; };
		ACDACF27217E3CEC00CC03C0 /* CoreDataUtil.swift */ = {isa = PBXFileReference; lastKnownFileType = sourcecode.swift; path = CoreDataUtil.swift; sourceTree = "<group>"; };
		ACE0D0C2214A5385008DF0E6 /* AppURLConstants.swift */ = {isa = PBXFileReference; lastKnownFileType = sourcecode.swift; path = AppURLConstants.swift; sourceTree = "<group>"; };
		C59A48CF8E4AE888A102DF24 /* Pods-PhotoGalleryAppTests.release.xcconfig */ = {isa = PBXFileReference; includeInIndex = 1; lastKnownFileType = text.xcconfig; name = "Pods-PhotoGalleryAppTests.release.xcconfig"; path = "Pods/Target Support Files/Pods-PhotoGalleryAppTests/Pods-PhotoGalleryAppTests.release.xcconfig"; sourceTree = "<group>"; };
		D64BC5147656FD5E777CD3EB /* Pods-PhotoGalleryAppUITests.release.xcconfig */ = {isa = PBXFileReference; includeInIndex = 1; lastKnownFileType = text.xcconfig; name = "Pods-PhotoGalleryAppUITests.release.xcconfig"; path = "Pods/Target Support Files/Pods-PhotoGalleryAppUITests/Pods-PhotoGalleryAppUITests.release.xcconfig"; sourceTree = "<group>"; };
/* End PBXFileReference section */

/* Begin PBXFrameworksBuildPhase section */
		AC1AF6C4210D82C00038FDF4 /* Frameworks */ = {
			isa = PBXFrameworksBuildPhase;
			buildActionMask = 2147483647;
			files = (
				2DC1B626DA5C2C6A66F9653D /* Pods_PhotoGalleryApp.framework in Frameworks */,
			);
			runOnlyForDeploymentPostprocessing = 0;
		};
		AC1AF6DB210D82C30038FDF4 /* Frameworks */ = {
			isa = PBXFrameworksBuildPhase;
			buildActionMask = 2147483647;
			files = (
				362F7495CCCB237B750FFEAF /* Pods_PhotoGalleryAppTests.framework in Frameworks */,
			);
			runOnlyForDeploymentPostprocessing = 0;
		};
		AC1AF6E6210D82C30038FDF4 /* Frameworks */ = {
			isa = PBXFrameworksBuildPhase;
			buildActionMask = 2147483647;
			files = (
				39CC4449E8279FF786549792 /* Pods_PhotoGalleryAppUITests.framework in Frameworks */,
			);
			runOnlyForDeploymentPostprocessing = 0;
		};
/* End PBXFrameworksBuildPhase section */

/* Begin PBXGroup section */
		42BBAD434DE6D763895A41B1 /* Frameworks */ = {
			isa = PBXGroup;
			children = (
				4FAA040055A3DDFEDC6348FE /* Pods_PhotoGalleryApp.framework */,
				92958C2B8739C2C2992CA8BB /* Pods_PhotoGalleryAppTests.framework */,
				A44ED98458099E899E2C9EF2 /* Pods_PhotoGalleryAppUITests.framework */,
			);
			name = Frameworks;
			sourceTree = "<group>";
		};
		AC1AF6BE210D82C00038FDF4 = {
			isa = PBXGroup;
			children = (
				ACC5F818217369340054065E /* NotificationPayload.apns */,
				AC1AF6C9210D82C00038FDF4 /* PhotoGalleryApp */,
				AC1AF6E1210D82C30038FDF4 /* PhotoGalleryAppTests */,
				AC1AF6EC210D82C30038FDF4 /* PhotoGalleryAppUITests */,
				AC1AF6C8210D82C00038FDF4 /* Products */,
				EE21D5D1D71BA85B8A366F57 /* Pods */,
				42BBAD434DE6D763895A41B1 /* Frameworks */,
			);
			sourceTree = "<group>";
		};
		AC1AF6C8210D82C00038FDF4 /* Products */ = {
			isa = PBXGroup;
			children = (
				AC1AF6C7210D82C00038FDF4 /* PhotoGalleryApp.app */,
				AC1AF6DE210D82C30038FDF4 /* PhotoGalleryAppTests.xctest */,
				AC1AF6E9210D82C30038FDF4 /* PhotoGalleryAppUITests.xctest */,
			);
			name = Products;
			sourceTree = "<group>";
		};
		AC1AF6C9210D82C00038FDF4 /* PhotoGalleryApp */ = {
			isa = PBXGroup;
			children = (
				AC1AF702210DCFEF0038FDF4 /* Core */,
				AC1AF701210DCFBB0038FDF4 /* Data Layer */,
				AC1AF700210DCFAF0038FDF4 /* Network Layer */,
				AC1AF6FB210D90CD0038FDF4 /* Presentation Layer */,
				AC1AF6CA210D82C00038FDF4 /* AppDelegate.swift */,
				AC1AF6D4210D82C30038FDF4 /* Assets.xcassets */,
				AC1AF6D9210D82C30038FDF4 /* Info.plist */,
				AC1AF6D1210D82C00038FDF4 /* PhotoGalleryApp.xcdatamodeld */,
			);
			path = PhotoGalleryApp;
			sourceTree = "<group>";
		};
		AC1AF6E1210D82C30038FDF4 /* PhotoGalleryAppTests */ = {
			isa = PBXGroup;
			children = (
				AC1AF6E2210D82C30038FDF4 /* PhotoGalleryAppTests.swift */,
				AC1AF6E4210D82C30038FDF4 /* Info.plist */,
			);
			path = PhotoGalleryAppTests;
			sourceTree = "<group>";
		};
		AC1AF6EC210D82C30038FDF4 /* PhotoGalleryAppUITests */ = {
			isa = PBXGroup;
			children = (
				AC1AF6ED210D82C30038FDF4 /* PhotoGalleryAppUITests.swift */,
				AC1AF6EF210D82C30038FDF4 /* Info.plist */,
			);
			path = PhotoGalleryAppUITests;
			sourceTree = "<group>";
		};
		AC1AF6FB210D90CD0038FDF4 /* Presentation Layer */ = {
			isa = PBXGroup;
			children = (
				ACD842C9213BAAB60099A62B /* CellModels */,
				AC1AF6FF210DCF9A0038FDF4 /* StoryBoards */,
				AC1AF6FE210DCF840038FDF4 /* Cells */,
				AC1AF6FD210D90FB0038FDF4 /* ViewModel */,
				AC1AF6FC210D90E90038FDF4 /* ViewControllers */,
			);
			path = "Presentation Layer";
			sourceTree = "<group>";
		};
		AC1AF6FC210D90E90038FDF4 /* ViewControllers */ = {
			isa = PBXGroup;
			children = (
				AC1AF6CC210D82C00038FDF4 /* LandingViewController.swift */,
				ACD842C1213ACFD60099A62B /* TabBarViewController.swift */,
				ACD842C5213AF6590099A62B /* SearchViewController.swift */,
				AC741488216B97800062C492 /* ImageViewController.swift */,
				AC74148A216CBAB70062C492 /* TestViewController.swift */,
			);
			path = ViewControllers;
			sourceTree = "<group>";
		};
		AC1AF6FD210D90FB0038FDF4 /* ViewModel */ = {
			isa = PBXGroup;
			children = (
				AC7003C32132A10500C1EA74 /* LandingViewModel.swift */,
			);
			path = ViewModel;
			sourceTree = "<group>";
		};
		AC1AF6FE210DCF840038FDF4 /* Cells */ = {
			isa = PBXGroup;
			children = (
				AC1AF706210DD3FE0038FDF4 /* PhotoGalleryTableViewCell.swift */,
				AC1D8A50214E39E200706FBF /* SearchResultCollectionViewCell.swift */,
			);
			path = Cells;
			sourceTree = "<group>";
		};
		AC1AF6FF210DCF9A0038FDF4 /* StoryBoards */ = {
			isa = PBXGroup;
			children = (
				AC1AF6D6210D82C30038FDF4 /* LaunchScreen.storyboard */,
				AC1AF6CE210D82C00038FDF4 /* Main.storyboard */,
			);
			path = StoryBoards;
			sourceTree = "<group>";
		};
		AC1AF700210DCFAF0038FDF4 /* Network Layer */ = {
			isa = PBXGroup;
			children = (
				ACD842CE213BB2850099A62B /* Services */,
			);
			path = "Network Layer";
			sourceTree = "<group>";
		};
		AC1AF701210DCFBB0038FDF4 /* Data Layer */ = {
			isa = PBXGroup;
			children = (
				ACDACF21217E302400CC03C0 /* Photos+CoreDataClass.swift */,
				ACDACF22217E302500CC03C0 /* Photos+CoreDataProperties.swift */,
			);
			path = "Data Layer";
			sourceTree = "<group>";
		};
		AC1AF702210DCFEF0038FDF4 /* Core */ = {
			isa = PBXGroup;
			children = (
				AC4313BF213EF47A006300EE /* Extension */,
				ACD842CF213C56440099A62B /* Shared */,
				AC1AF705210DD0110038FDF4 /* Constants */,
				AC1AF704210DD0050038FDF4 /* Enums */,
				AC1AF703210DCFFB0038FDF4 /* Utilities */,
			);
			path = Core;
			sourceTree = "<group>";
		};
		AC1AF703210DCFFB0038FDF4 /* Utilities */ = {
			isa = PBXGroup;
			children = (
				ACD842CC213BAFC80099A62B /* AppUtility.swift */,
				ACDACF27217E3CEC00CC03C0 /* CoreDataUtil.swift */,
			);
			name = Utilities;
			sourceTree = "<group>";
		};
		AC1AF704210DD0050038FDF4 /* Enums */ = {
			isa = PBXGroup;
			children = (
				AC7003C12132A0E900C1EA74 /* AppEnums.swift */,
			);
			path = Enums;
			sourceTree = "<group>";
		};
		AC1AF705210DD0110038FDF4 /* Constants */ = {
			isa = PBXGroup;
			children = (
				AC7003BF2132A0E200C1EA74 /* KeyConstants.swift */,
				ACD842C3213AD5930099A62B /* StringConstants.swift */,
				ACD842C7213BA7410099A62B /* AppConstants.swift */,
				ACE0D0C2214A5385008DF0E6 /* AppURLConstants.swift */,
			);
			name = Constants;
			sourceTree = "<group>";
		};
		AC4313BF213EF47A006300EE /* Extension */ = {
			isa = PBXGroup;
			children = (
				AC4313C0213EF49B006300EE /* UIImageViewExtension.swift */,
				AC4313C4213FAD0C006300EE /* UIImageExtension.swift */,
				AC1D8A52214FC7F700706FBF /* UIViewExtension.swift */,
			);
			name = Extension;
			sourceTree = "<group>";
		};
		ACD842C9213BAAB60099A62B /* CellModels */ = {
			isa = PBXGroup;
			children = (
				ACD842CA213BAAC30099A62B /* PhotoCellModel.swift */,
			);
			path = CellModels;
			sourceTree = "<group>";
		};
		ACD842CE213BB2850099A62B /* Services */ = {
			isa = PBXGroup;
			children = (
				AC7003C52132A11F00C1EA74 /* FetchPhotoService.swift */,
			);
			path = Services;
			sourceTree = "<group>";
		};
		ACD842CF213C56440099A62B /* Shared */ = {
			isa = PBXGroup;
			children = (
				ACDACF25217E32E500CC03C0 /* CoreDataStack.swift */,
				ACD842D0213C56570099A62B /* AppError.swift */,
				AC4313C2213FAB48006300EE /* Theme.swift */,
			);
			name = Shared;
			sourceTree = "<group>";
		};
		EE21D5D1D71BA85B8A366F57 /* Pods */ = {
			isa = PBXGroup;
			children = (
				7CC0B027804E4859A6D70C77 /* Pods-PhotoGalleryApp.debug.xcconfig */,
				034D9916BCEAF796B6BE75B4 /* Pods-PhotoGalleryApp.release.xcconfig */,
				056C66AE47CCF9BCA18F7846 /* Pods-PhotoGalleryAppTests.debug.xcconfig */,
				C59A48CF8E4AE888A102DF24 /* Pods-PhotoGalleryAppTests.release.xcconfig */,
				95FA6A4E8E2180693272A6AC /* Pods-PhotoGalleryAppUITests.debug.xcconfig */,
				D64BC5147656FD5E777CD3EB /* Pods-PhotoGalleryAppUITests.release.xcconfig */,
			);
			name = Pods;
			sourceTree = "<group>";
		};
/* End PBXGroup section */

/* Begin PBXNativeTarget section */
		AC1AF6C6210D82C00038FDF4 /* PhotoGalleryApp */ = {
			isa = PBXNativeTarget;
			buildConfigurationList = AC1AF6F2210D82C30038FDF4 /* Build configuration list for PBXNativeTarget "PhotoGalleryApp" */;
			buildPhases = (
				BEE75205D16C99823B097A5B /* [CP] Check Pods Manifest.lock */,
				AC1AF6C3210D82C00038FDF4 /* Sources */,
				AC1AF6C4210D82C00038FDF4 /* Frameworks */,
				AC1AF6C5210D82C00038FDF4 /* Resources */,
				22A9481FE0F7C0C2AFF87458 /* [CP] Embed Pods Frameworks */,
				2D96472B71026D3F950B5E3B /* [CP] Copy Pods Resources */,
			);
			buildRules = (
			);
			dependencies = (
			);
			name = PhotoGalleryApp;
			productName = PhotoGalleryApp;
			productReference = AC1AF6C7210D82C00038FDF4 /* PhotoGalleryApp.app */;
			productType = "com.apple.product-type.application";
		};
		AC1AF6DD210D82C30038FDF4 /* PhotoGalleryAppTests */ = {
			isa = PBXNativeTarget;
			buildConfigurationList = AC1AF6F5210D82C30038FDF4 /* Build configuration list for PBXNativeTarget "PhotoGalleryAppTests" */;
			buildPhases = (
				AF548F6787895767388A2C42 /* [CP] Check Pods Manifest.lock */,
				AC1AF6DA210D82C30038FDF4 /* Sources */,
				AC1AF6DB210D82C30038FDF4 /* Frameworks */,
				AC1AF6DC210D82C30038FDF4 /* Resources */,
				02499835EE99788F29C814CC /* [CP] Embed Pods Frameworks */,
				A3464BA29383E5C584E87343 /* [CP] Copy Pods Resources */,
			);
			buildRules = (
			);
			dependencies = (
				AC1AF6E0210D82C30038FDF4 /* PBXTargetDependency */,
			);
			name = PhotoGalleryAppTests;
			productName = PhotoGalleryAppTests;
			productReference = AC1AF6DE210D82C30038FDF4 /* PhotoGalleryAppTests.xctest */;
			productType = "com.apple.product-type.bundle.unit-test";
		};
		AC1AF6E8210D82C30038FDF4 /* PhotoGalleryAppUITests */ = {
			isa = PBXNativeTarget;
			buildConfigurationList = AC1AF6F8210D82C30038FDF4 /* Build configuration list for PBXNativeTarget "PhotoGalleryAppUITests" */;
			buildPhases = (
				5151CFDFB294A7EBE648CD70 /* [CP] Check Pods Manifest.lock */,
				AC1AF6E5210D82C30038FDF4 /* Sources */,
				AC1AF6E6210D82C30038FDF4 /* Frameworks */,
				AC1AF6E7210D82C30038FDF4 /* Resources */,
				306A543E4B6B9B5206928C4A /* [CP] Embed Pods Frameworks */,
				E5485056A895B3E498E0627E /* [CP] Copy Pods Resources */,
			);
			buildRules = (
			);
			dependencies = (
				AC1AF6EB210D82C30038FDF4 /* PBXTargetDependency */,
			);
			name = PhotoGalleryAppUITests;
			productName = PhotoGalleryAppUITests;
			productReference = AC1AF6E9210D82C30038FDF4 /* PhotoGalleryAppUITests.xctest */;
			productType = "com.apple.product-type.bundle.ui-testing";
		};
/* End PBXNativeTarget section */

/* Begin PBXProject section */
		AC1AF6BF210D82C00038FDF4 /* Project object */ = {
			isa = PBXProject;
			attributes = {
				LastSwiftUpdateCheck = 0940;
				LastUpgradeCheck = 0940;
				ORGANIZATIONNAME = "Satyam Sehgal";
				TargetAttributes = {
					AC1AF6C6210D82C00038FDF4 = {
						CreatedOnToolsVersion = 9.4.1;
						LastSwiftMigration = 1000;
					};
					AC1AF6DD210D82C30038FDF4 = {
						CreatedOnToolsVersion = 9.4.1;
						LastSwiftMigration = 1000;
						TestTargetID = AC1AF6C6210D82C00038FDF4;
					};
					AC1AF6E8210D82C30038FDF4 = {
						CreatedOnToolsVersion = 9.4.1;
						LastSwiftMigration = 1000;
						TestTargetID = AC1AF6C6210D82C00038FDF4;
					};
				};
			};
			buildConfigurationList = AC1AF6C2210D82C00038FDF4 /* Build configuration list for PBXProject "PhotoGalleryApp" */;
			compatibilityVersion = "Xcode 9.3";
			developmentRegion = en;
			hasScannedForEncodings = 0;
			knownRegions = (
				en,
				Base,
			);
			mainGroup = AC1AF6BE210D82C00038FDF4;
			productRefGroup = AC1AF6C8210D82C00038FDF4 /* Products */;
			projectDirPath = "";
			projectRoot = "";
			targets = (
				AC1AF6C6210D82C00038FDF4 /* PhotoGalleryApp */,
				AC1AF6DD210D82C30038FDF4 /* PhotoGalleryAppTests */,
				AC1AF6E8210D82C30038FDF4 /* PhotoGalleryAppUITests */,
			);
		};
/* End PBXProject section */

/* Begin PBXResourcesBuildPhase section */
		AC1AF6C5210D82C00038FDF4 /* Resources */ = {
			isa = PBXResourcesBuildPhase;
			buildActionMask = 2147483647;
			files = (
				AC1AF6D8210D82C30038FDF4 /* LaunchScreen.storyboard in Resources */,
				ACC5F819217369340054065E /* NotificationPayload.apns in Resources */,
				AC1AF6D5210D82C30038FDF4 /* Assets.xcassets in Resources */,
				AC1AF6D0210D82C00038FDF4 /* Main.storyboard in Resources */,
			);
			runOnlyForDeploymentPostprocessing = 0;
		};
		AC1AF6DC210D82C30038FDF4 /* Resources */ = {
			isa = PBXResourcesBuildPhase;
			buildActionMask = 2147483647;
			files = (
			);
			runOnlyForDeploymentPostprocessing = 0;
		};
		AC1AF6E7210D82C30038FDF4 /* Resources */ = {
			isa = PBXResourcesBuildPhase;
			buildActionMask = 2147483647;
			files = (
			);
			runOnlyForDeploymentPostprocessing = 0;
		};
/* End PBXResourcesBuildPhase section */

/* Begin PBXShellScriptBuildPhase section */
		02499835EE99788F29C814CC /* [CP] Embed Pods Frameworks */ = {
			isa = PBXShellScriptBuildPhase;
			buildActionMask = 2147483647;
			files = (
			);
			inputPaths = (
			);
			name = "[CP] Embed Pods Frameworks";
			outputPaths = (
			);
			runOnlyForDeploymentPostprocessing = 0;
			shellPath = /bin/sh;
			shellScript = "\"${SRCROOT}/Pods/Target Support Files/Pods-PhotoGalleryAppTests/Pods-PhotoGalleryAppTests-frameworks.sh\"\n";
			showEnvVarsInLog = 0;
		};
		22A9481FE0F7C0C2AFF87458 /* [CP] Embed Pods Frameworks */ = {
			isa = PBXShellScriptBuildPhase;
			buildActionMask = 2147483647;
			files = (
			);
			inputPaths = (
				"${SRCROOT}/Pods/Target Support Files/Pods-PhotoGalleryApp/Pods-PhotoGalleryApp-frameworks.sh",
				"${BUILT_PRODUCTS_DIR}/Alamofire/Alamofire.framework",
				"${BUILT_PRODUCTS_DIR}/NVActivityIndicatorView/NVActivityIndicatorView.framework",
			);
			name = "[CP] Embed Pods Frameworks";
			outputPaths = (
				"${TARGET_BUILD_DIR}/${FRAMEWORKS_FOLDER_PATH}/Alamofire.framework",
				"${TARGET_BUILD_DIR}/${FRAMEWORKS_FOLDER_PATH}/NVActivityIndicatorView.framework",
			);
			runOnlyForDeploymentPostprocessing = 0;
			shellPath = /bin/sh;
			shellScript = "\"${SRCROOT}/Pods/Target Support Files/Pods-PhotoGalleryApp/Pods-PhotoGalleryApp-frameworks.sh\"\n";
			showEnvVarsInLog = 0;
		};
		2D96472B71026D3F950B5E3B /* [CP] Copy Pods Resources */ = {
			isa = PBXShellScriptBuildPhase;
			buildActionMask = 2147483647;
			files = (
			);
			inputPaths = (
			);
			name = "[CP] Copy Pods Resources";
			outputPaths = (
			);
			runOnlyForDeploymentPostprocessing = 0;
			shellPath = /bin/sh;
			shellScript = "\"${SRCROOT}/Pods/Target Support Files/Pods-PhotoGalleryApp/Pods-PhotoGalleryApp-resources.sh\"\n";
			showEnvVarsInLog = 0;
		};
		306A543E4B6B9B5206928C4A /* [CP] Embed Pods Frameworks */ = {
			isa = PBXShellScriptBuildPhase;
			buildActionMask = 2147483647;
			files = (
			);
			inputPaths = (
			);
			name = "[CP] Embed Pods Frameworks";
			outputPaths = (
			);
			runOnlyForDeploymentPostprocessing = 0;
			shellPath = /bin/sh;
			shellScript = "\"${SRCROOT}/Pods/Target Support Files/Pods-PhotoGalleryAppUITests/Pods-PhotoGalleryAppUITests-frameworks.sh\"\n";
			showEnvVarsInLog = 0;
		};
		5151CFDFB294A7EBE648CD70 /* [CP] Check Pods Manifest.lock */ = {
			isa = PBXShellScriptBuildPhase;
			buildActionMask = 2147483647;
			files = (
			);
			inputPaths = (
				"${PODS_PODFILE_DIR_PATH}/Podfile.lock",
				"${PODS_ROOT}/Manifest.lock",
			);
			name = "[CP] Check Pods Manifest.lock";
			outputPaths = (
				"$(DERIVED_FILE_DIR)/Pods-PhotoGalleryAppUITests-checkManifestLockResult.txt",
			);
			runOnlyForDeploymentPostprocessing = 0;
			shellPath = /bin/sh;
			shellScript = "diff \"${PODS_PODFILE_DIR_PATH}/Podfile.lock\" \"${PODS_ROOT}/Manifest.lock\" > /dev/null\nif [ $? != 0 ] ; then\n    # print error to STDERR\n    echo \"error: The sandbox is not in sync with the Podfile.lock. Run 'pod install' or update your CocoaPods installation.\" >&2\n    exit 1\nfi\n# This output is used by Xcode 'outputs' to avoid re-running this script phase.\necho \"SUCCESS\" > \"${SCRIPT_OUTPUT_FILE_0}\"\n";
			showEnvVarsInLog = 0;
		};
		A3464BA29383E5C584E87343 /* [CP] Copy Pods Resources */ = {
			isa = PBXShellScriptBuildPhase;
			buildActionMask = 2147483647;
			files = (
			);
			inputPaths = (
			);
			name = "[CP] Copy Pods Resources";
			outputPaths = (
			);
			runOnlyForDeploymentPostprocessing = 0;
			shellPath = /bin/sh;
			shellScript = "\"${SRCROOT}/Pods/Target Support Files/Pods-PhotoGalleryAppTests/Pods-PhotoGalleryAppTests-resources.sh\"\n";
			showEnvVarsInLog = 0;
		};
		AF548F6787895767388A2C42 /* [CP] Check Pods Manifest.lock */ = {
			isa = PBXShellScriptBuildPhase;
			buildActionMask = 2147483647;
			files = (
			);
			inputPaths = (
				"${PODS_PODFILE_DIR_PATH}/Podfile.lock",
				"${PODS_ROOT}/Manifest.lock",
			);
			name = "[CP] Check Pods Manifest.lock";
			outputPaths = (
				"$(DERIVED_FILE_DIR)/Pods-PhotoGalleryAppTests-checkManifestLockResult.txt",
			);
			runOnlyForDeploymentPostprocessing = 0;
			shellPath = /bin/sh;
			shellScript = "diff \"${PODS_PODFILE_DIR_PATH}/Podfile.lock\" \"${PODS_ROOT}/Manifest.lock\" > /dev/null\nif [ $? != 0 ] ; then\n    # print error to STDERR\n    echo \"error: The sandbox is not in sync with the Podfile.lock. Run 'pod install' or update your CocoaPods installation.\" >&2\n    exit 1\nfi\n# This output is used by Xcode 'outputs' to avoid re-running this script phase.\necho \"SUCCESS\" > \"${SCRIPT_OUTPUT_FILE_0}\"\n";
			showEnvVarsInLog = 0;
		};
		BEE75205D16C99823B097A5B /* [CP] Check Pods Manifest.lock */ = {
			isa = PBXShellScriptBuildPhase;
			buildActionMask = 2147483647;
			files = (
			);
			inputPaths = (
				"${PODS_PODFILE_DIR_PATH}/Podfile.lock",
				"${PODS_ROOT}/Manifest.lock",
			);
			name = "[CP] Check Pods Manifest.lock";
			outputPaths = (
				"$(DERIVED_FILE_DIR)/Pods-PhotoGalleryApp-checkManifestLockResult.txt",
			);
			runOnlyForDeploymentPostprocessing = 0;
			shellPath = /bin/sh;
			shellScript = "diff \"${PODS_PODFILE_DIR_PATH}/Podfile.lock\" \"${PODS_ROOT}/Manifest.lock\" > /dev/null\nif [ $? != 0 ] ; then\n    # print error to STDERR\n    echo \"error: The sandbox is not in sync with the Podfile.lock. Run 'pod install' or update your CocoaPods installation.\" >&2\n    exit 1\nfi\n# This output is used by Xcode 'outputs' to avoid re-running this script phase.\necho \"SUCCESS\" > \"${SCRIPT_OUTPUT_FILE_0}\"\n";
			showEnvVarsInLog = 0;
		};
		E5485056A895B3E498E0627E /* [CP] Copy Pods Resources */ = {
			isa = PBXShellScriptBuildPhase;
			buildActionMask = 2147483647;
			files = (
			);
			inputPaths = (
			);
			name = "[CP] Copy Pods Resources";
			outputPaths = (
			);
			runOnlyForDeploymentPostprocessing = 0;
			shellPath = /bin/sh;
			shellScript = "\"${SRCROOT}/Pods/Target Support Files/Pods-PhotoGalleryAppUITests/Pods-PhotoGalleryAppUITests-resources.sh\"\n";
			showEnvVarsInLog = 0;
		};
/* End PBXShellScriptBuildPhase section */

/* Begin PBXSourcesBuildPhase section */
		AC1AF6C3210D82C00038FDF4 /* Sources */ = {
			isa = PBXSourcesBuildPhase;
			buildActionMask = 2147483647;
			files = (
				AC7003C62132A12000C1EA74 /* FetchPhotoService.swift in Sources */,
				ACD842C6213AF6590099A62B /* SearchViewController.swift in Sources */,
				AC74148B216CBAB70062C492 /* TestViewController.swift in Sources */,
				ACD842D1213C56570099A62B /* AppError.swift in Sources */,
				AC1AF6CD210D82C00038FDF4 /* LandingViewController.swift in Sources */,
				AC7003C02132A0E200C1EA74 /* KeyConstants.swift in Sources */,
				ACDACF24217E302500CC03C0 /* Photos+CoreDataProperties.swift in Sources */,
				AC4313C5213FAD0C006300EE /* UIImageExtension.swift in Sources */,
				AC1AF6D3210D82C00038FDF4 /* PhotoGalleryApp.xcdatamodeld in Sources */,
				ACD842C2213ACFD60099A62B /* TabBarViewController.swift in Sources */,
				AC1AF6CB210D82C00038FDF4 /* AppDelegate.swift in Sources */,
				ACD842C8213BA7410099A62B /* AppConstants.swift in Sources */,
				AC7003C22132A0E900C1EA74 /* AppEnums.swift in Sources */,
				ACD842CD213BAFC80099A62B /* AppUtility.swift in Sources */,
				AC7003C42132A10500C1EA74 /* LandingViewModel.swift in Sources */,
				ACD842CB213BAAC30099A62B /* PhotoCellModel.swift in Sources */,
				ACD842C4213AD5930099A62B /* StringConstants.swift in Sources */,
				AC4313C1213EF49B006300EE /* UIImageViewExtension.swift in Sources */,
				AC1AF707210DD3FE0038FDF4 /* PhotoGalleryTableViewCell.swift in Sources */,
				ACDACF28217E3CEC00CC03C0 /* CoreDataUtil.swift in Sources */,
				ACDACF26217E32E500CC03C0 /* CoreDataStack.swift in Sources */,
				AC4313C3213FAB48006300EE /* Theme.swift in Sources */,
				AC1D8A53214FC7F700706FBF /* UIViewExtension.swift in Sources */,
				ACE0D0C3214A5385008DF0E6 /* AppURLConstants.swift in Sources */,
				AC741489216B97800062C492 /* ImageViewController.swift in Sources */,
				ACDACF23217E302500CC03C0 /* Photos+CoreDataClass.swift in Sources */,
				AC1D8A51214E39E200706FBF /* SearchResultCollectionViewCell.swift in Sources */,
			);
			runOnlyForDeploymentPostprocessing = 0;
		};
		AC1AF6DA210D82C30038FDF4 /* Sources */ = {
			isa = PBXSourcesBuildPhase;
			buildActionMask = 2147483647;
			files = (
				AC1AF6E3210D82C30038FDF4 /* PhotoGalleryAppTests.swift in Sources */,
			);
			runOnlyForDeploymentPostprocessing = 0;
		};
		AC1AF6E5210D82C30038FDF4 /* Sources */ = {
			isa = PBXSourcesBuildPhase;
			buildActionMask = 2147483647;
			files = (
				AC1AF6EE210D82C30038FDF4 /* PhotoGalleryAppUITests.swift in Sources */,
			);
			runOnlyForDeploymentPostprocessing = 0;
		};
/* End PBXSourcesBuildPhase section */

/* Begin PBXTargetDependency section */
		AC1AF6E0210D82C30038FDF4 /* PBXTargetDependency */ = {
			isa = PBXTargetDependency;
			target = AC1AF6C6210D82C00038FDF4 /* PhotoGalleryApp */;
			targetProxy = AC1AF6DF210D82C30038FDF4 /* PBXContainerItemProxy */;
		};
		AC1AF6EB210D82C30038FDF4 /* PBXTargetDependency */ = {
			isa = PBXTargetDependency;
			target = AC1AF6C6210D82C00038FDF4 /* PhotoGalleryApp */;
			targetProxy = AC1AF6EA210D82C30038FDF4 /* PBXContainerItemProxy */;
		};
/* End PBXTargetDependency section */

/* Begin PBXVariantGroup section */
		AC1AF6CE210D82C00038FDF4 /* Main.storyboard */ = {
			isa = PBXVariantGroup;
			children = (
				AC1AF6CF210D82C00038FDF4 /* Base */,
			);
			name = Main.storyboard;
			sourceTree = "<group>";
		};
		AC1AF6D6210D82C30038FDF4 /* LaunchScreen.storyboard */ = {
			isa = PBXVariantGroup;
			children = (
				AC1AF6D7210D82C30038FDF4 /* Base */,
			);
			name = LaunchScreen.storyboard;
			sourceTree = "<group>";
		};
/* End PBXVariantGroup section */

/* Begin XCBuildConfiguration section */
		AC1AF6F0210D82C30038FDF4 /* Debug */ = {
			isa = XCBuildConfiguration;
			buildSettings = {
				ALWAYS_SEARCH_USER_PATHS = NO;
				CLANG_ANALYZER_NONNULL = YES;
				CLANG_ANALYZER_NUMBER_OBJECT_CONVERSION = YES_AGGRESSIVE;
				CLANG_CXX_LANGUAGE_STANDARD = "gnu++14";
				CLANG_CXX_LIBRARY = "libc++";
				CLANG_ENABLE_MODULES = YES;
				CLANG_ENABLE_OBJC_ARC = YES;
				CLANG_ENABLE_OBJC_WEAK = YES;
				CLANG_WARN_BLOCK_CAPTURE_AUTORELEASING = YES;
				CLANG_WARN_BOOL_CONVERSION = YES;
				CLANG_WARN_COMMA = YES;
				CLANG_WARN_CONSTANT_CONVERSION = YES;
				CLANG_WARN_DEPRECATED_OBJC_IMPLEMENTATIONS = YES;
				CLANG_WARN_DIRECT_OBJC_ISA_USAGE = YES_ERROR;
				CLANG_WARN_DOCUMENTATION_COMMENTS = YES;
				CLANG_WARN_EMPTY_BODY = YES;
				CLANG_WARN_ENUM_CONVERSION = YES;
				CLANG_WARN_INFINITE_RECURSION = YES;
				CLANG_WARN_INT_CONVERSION = YES;
				CLANG_WARN_NON_LITERAL_NULL_CONVERSION = YES;
				CLANG_WARN_OBJC_IMPLICIT_RETAIN_SELF = YES;
				CLANG_WARN_OBJC_LITERAL_CONVERSION = YES;
				CLANG_WARN_OBJC_ROOT_CLASS = YES_ERROR;
				CLANG_WARN_RANGE_LOOP_ANALYSIS = YES;
				CLANG_WARN_STRICT_PROTOTYPES = YES;
				CLANG_WARN_SUSPICIOUS_MOVE = YES;
				CLANG_WARN_UNGUARDED_AVAILABILITY = YES_AGGRESSIVE;
				CLANG_WARN_UNREACHABLE_CODE = YES;
				CLANG_WARN__DUPLICATE_METHOD_MATCH = YES;
				CODE_SIGN_IDENTITY = "iPhone Developer";
				COPY_PHASE_STRIP = NO;
				DEBUG_INFORMATION_FORMAT = dwarf;
				ENABLE_STRICT_OBJC_MSGSEND = YES;
				ENABLE_TESTABILITY = YES;
				GCC_C_LANGUAGE_STANDARD = gnu11;
				GCC_DYNAMIC_NO_PIC = NO;
				GCC_NO_COMMON_BLOCKS = YES;
				GCC_OPTIMIZATION_LEVEL = 0;
				GCC_PREPROCESSOR_DEFINITIONS = (
					"DEBUG=1",
					"$(inherited)",
				);
				GCC_WARN_64_TO_32_BIT_CONVERSION = YES;
				GCC_WARN_ABOUT_RETURN_TYPE = YES_ERROR;
				GCC_WARN_UNDECLARED_SELECTOR = YES;
				GCC_WARN_UNINITIALIZED_AUTOS = YES_AGGRESSIVE;
				GCC_WARN_UNUSED_FUNCTION = YES;
				GCC_WARN_UNUSED_VARIABLE = YES;
				IPHONEOS_DEPLOYMENT_TARGET = 11.4;
				MTL_ENABLE_DEBUG_INFO = YES;
				ONLY_ACTIVE_ARCH = YES;
				SDKROOT = iphoneos;
				SWIFT_ACTIVE_COMPILATION_CONDITIONS = DEBUG;
				SWIFT_OPTIMIZATION_LEVEL = "-Onone";
			};
			name = Debug;
		};
		AC1AF6F1210D82C30038FDF4 /* Release */ = {
			isa = XCBuildConfiguration;
			buildSettings = {
				ALWAYS_SEARCH_USER_PATHS = NO;
				CLANG_ANALYZER_NONNULL = YES;
				CLANG_ANALYZER_NUMBER_OBJECT_CONVERSION = YES_AGGRESSIVE;
				CLANG_CXX_LANGUAGE_STANDARD = "gnu++14";
				CLANG_CXX_LIBRARY = "libc++";
				CLANG_ENABLE_MODULES = YES;
				CLANG_ENABLE_OBJC_ARC = YES;
				CLANG_ENABLE_OBJC_WEAK = YES;
				CLANG_WARN_BLOCK_CAPTURE_AUTORELEASING = YES;
				CLANG_WARN_BOOL_CONVERSION = YES;
				CLANG_WARN_COMMA = YES;
				CLANG_WARN_CONSTANT_CONVERSION = YES;
				CLANG_WARN_DEPRECATED_OBJC_IMPLEMENTATIONS = YES;
				CLANG_WARN_DIRECT_OBJC_ISA_USAGE = YES_ERROR;
				CLANG_WARN_DOCUMENTATION_COMMENTS = YES;
				CLANG_WARN_EMPTY_BODY = YES;
				CLANG_WARN_ENUM_CONVERSION = YES;
				CLANG_WARN_INFINITE_RECURSION = YES;
				CLANG_WARN_INT_CONVERSION = YES;
				CLANG_WARN_NON_LITERAL_NULL_CONVERSION = YES;
				CLANG_WARN_OBJC_IMPLICIT_RETAIN_SELF = YES;
				CLANG_WARN_OBJC_LITERAL_CONVERSION = YES;
				CLANG_WARN_OBJC_ROOT_CLASS = YES_ERROR;
				CLANG_WARN_RANGE_LOOP_ANALYSIS = YES;
				CLANG_WARN_STRICT_PROTOTYPES = YES;
				CLANG_WARN_SUSPICIOUS_MOVE = YES;
				CLANG_WARN_UNGUARDED_AVAILABILITY = YES_AGGRESSIVE;
				CLANG_WARN_UNREACHABLE_CODE = YES;
				CLANG_WARN__DUPLICATE_METHOD_MATCH = YES;
				CODE_SIGN_IDENTITY = "iPhone Developer";
				COPY_PHASE_STRIP = NO;
				DEBUG_INFORMATION_FORMAT = "dwarf-with-dsym";
				ENABLE_NS_ASSERTIONS = NO;
				ENABLE_STRICT_OBJC_MSGSEND = YES;
				GCC_C_LANGUAGE_STANDARD = gnu11;
				GCC_NO_COMMON_BLOCKS = YES;
				GCC_WARN_64_TO_32_BIT_CONVERSION = YES;
				GCC_WARN_ABOUT_RETURN_TYPE = YES_ERROR;
				GCC_WARN_UNDECLARED_SELECTOR = YES;
				GCC_WARN_UNINITIALIZED_AUTOS = YES_AGGRESSIVE;
				GCC_WARN_UNUSED_FUNCTION = YES;
				GCC_WARN_UNUSED_VARIABLE = YES;
				IPHONEOS_DEPLOYMENT_TARGET = 11.4;
				MTL_ENABLE_DEBUG_INFO = NO;
				SDKROOT = iphoneos;
				SWIFT_COMPILATION_MODE = wholemodule;
				SWIFT_OPTIMIZATION_LEVEL = "-O";
				VALIDATE_PRODUCT = YES;
			};
			name = Release;
		};
		AC1AF6F3210D82C30038FDF4 /* Debug */ = {
			isa = XCBuildConfiguration;
			baseConfigurationReference = 7CC0B027804E4859A6D70C77 /* Pods-PhotoGalleryApp.debug.xcconfig */;
			buildSettings = {
				ASSETCATALOG_COMPILER_APPICON_NAME = AppIcon;
				CODE_SIGN_STYLE = Automatic;
				DEVELOPMENT_TEAM = DV636QFZ5Q;
				INFOPLIST_FILE = PhotoGalleryApp/Info.plist;
				LD_RUNPATH_SEARCH_PATHS = (
					"$(inherited)",
					"@executable_path/Frameworks",
				);
				PRODUCT_BUNDLE_IDENTIFIER = satyam.PhotoGalleryApp;
				PRODUCT_NAME = "$(TARGET_NAME)";
				SWIFT_VERSION = 4.2;
				TARGETED_DEVICE_FAMILY = 1;
			};
			name = Debug;
		};
		AC1AF6F4210D82C30038FDF4 /* Release */ = {
			isa = XCBuildConfiguration;
			baseConfigurationReference = 034D9916BCEAF796B6BE75B4 /* Pods-PhotoGalleryApp.release.xcconfig */;
			buildSettings = {
				ASSETCATALOG_COMPILER_APPICON_NAME = AppIcon;
				CODE_SIGN_STYLE = Automatic;
				DEVELOPMENT_TEAM = DV636QFZ5Q;
				INFOPLIST_FILE = PhotoGalleryApp/Info.plist;
				LD_RUNPATH_SEARCH_PATHS = (
					"$(inherited)",
					"@executable_path/Frameworks",
				);
				PRODUCT_BUNDLE_IDENTIFIER = satyam.PhotoGalleryApp;
				PRODUCT_NAME = "$(TARGET_NAME)";
				SWIFT_VERSION = 4.2;
				TARGETED_DEVICE_FAMILY = 1;
			};
			name = Release;
		};
		AC1AF6F6210D82C30038FDF4 /* Debug */ = {
			isa = XCBuildConfiguration;
			baseConfigurationReference = 056C66AE47CCF9BCA18F7846 /* Pods-PhotoGalleryAppTests.debug.xcconfig */;
			buildSettings = {
				ALWAYS_EMBED_SWIFT_STANDARD_LIBRARIES = YES;
				BUNDLE_LOADER = "$(TEST_HOST)";
				CODE_SIGN_STYLE = Automatic;
				DEVELOPMENT_TEAM = DV636QFZ5Q;
				INFOPLIST_FILE = PhotoGalleryAppTests/Info.plist;
				LD_RUNPATH_SEARCH_PATHS = (
					"$(inherited)",
					"@executable_path/Frameworks",
					"@loader_path/Frameworks",
				);
				PRODUCT_BUNDLE_IDENTIFIER = satyam.PhotoGalleryAppTests;
				PRODUCT_NAME = "$(TARGET_NAME)";
				SWIFT_VERSION = 4.2;
				TARGETED_DEVICE_FAMILY = "1,2";
				TEST_HOST = "$(BUILT_PRODUCTS_DIR)/PhotoGalleryApp.app/PhotoGalleryApp";
			};
			name = Debug;
		};
		AC1AF6F7210D82C30038FDF4 /* Release */ = {
			isa = XCBuildConfiguration;
			baseConfigurationReference = C59A48CF8E4AE888A102DF24 /* Pods-PhotoGalleryAppTests.release.xcconfig */;
			buildSettings = {
				ALWAYS_EMBED_SWIFT_STANDARD_LIBRARIES = YES;
				BUNDLE_LOADER = "$(TEST_HOST)";
				CODE_SIGN_STYLE = Automatic;
				DEVELOPMENT_TEAM = DV636QFZ5Q;
				INFOPLIST_FILE = PhotoGalleryAppTests/Info.plist;
				LD_RUNPATH_SEARCH_PATHS = (
					"$(inherited)",
					"@executable_path/Frameworks",
					"@loader_path/Frameworks",
				);
				PRODUCT_BUNDLE_IDENTIFIER = satyam.PhotoGalleryAppTests;
				PRODUCT_NAME = "$(TARGET_NAME)";
				SWIFT_VERSION = 4.2;
				TARGETED_DEVICE_FAMILY = "1,2";
				TEST_HOST = "$(BUILT_PRODUCTS_DIR)/PhotoGalleryApp.app/PhotoGalleryApp";
			};
			name = Release;
		};
		AC1AF6F9210D82C30038FDF4 /* Debug */ = {
			isa = XCBuildConfiguration;
			baseConfigurationReference = 95FA6A4E8E2180693272A6AC /* Pods-PhotoGalleryAppUITests.debug.xcconfig */;
			buildSettings = {
				ALWAYS_EMBED_SWIFT_STANDARD_LIBRARIES = YES;
				CODE_SIGN_STYLE = Automatic;
				DEVELOPMENT_TEAM = DV636QFZ5Q;
				INFOPLIST_FILE = PhotoGalleryAppUITests/Info.plist;
				LD_RUNPATH_SEARCH_PATHS = (
					"$(inherited)",
					"@executable_path/Frameworks",
					"@loader_path/Frameworks",
				);
				PRODUCT_BUNDLE_IDENTIFIER = satyam.PhotoGalleryAppUITests;
				PRODUCT_NAME = "$(TARGET_NAME)";
				SWIFT_VERSION = 4.2;
				TARGETED_DEVICE_FAMILY = "1,2";
				TEST_TARGET_NAME = PhotoGalleryApp;
			};
			name = Debug;
		};
		AC1AF6FA210D82C30038FDF4 /* Release */ = {
			isa = XCBuildConfiguration;
			baseConfigurationReference = D64BC5147656FD5E777CD3EB /* Pods-PhotoGalleryAppUITests.release.xcconfig */;
			buildSettings = {
				ALWAYS_EMBED_SWIFT_STANDARD_LIBRARIES = YES;
				CODE_SIGN_STYLE = Automatic;
				DEVELOPMENT_TEAM = DV636QFZ5Q;
				INFOPLIST_FILE = PhotoGalleryAppUITests/Info.plist;
				LD_RUNPATH_SEARCH_PATHS = (
					"$(inherited)",
					"@executable_path/Frameworks",
					"@loader_path/Frameworks",
				);
				PRODUCT_BUNDLE_IDENTIFIER = satyam.PhotoGalleryAppUITests;
				PRODUCT_NAME = "$(TARGET_NAME)";
				SWIFT_VERSION = 4.2;
				TARGETED_DEVICE_FAMILY = "1,2";
				TEST_TARGET_NAME = PhotoGalleryApp;
			};
			name = Release;
		};
/* End XCBuildConfiguration section */

/* Begin XCConfigurationList section */
		AC1AF6C2210D82C00038FDF4 /* Build configuration list for PBXProject "PhotoGalleryApp" */ = {
			isa = XCConfigurationList;
			buildConfigurations = (
				AC1AF6F0210D82C30038FDF4 /* Debug */,
				AC1AF6F1210D82C30038FDF4 /* Release */,
			);
			defaultConfigurationIsVisible = 0;
			defaultConfigurationName = Release;
		};
		AC1AF6F2210D82C30038FDF4 /* Build configuration list for PBXNativeTarget "PhotoGalleryApp" */ = {
			isa = XCConfigurationList;
			buildConfigurations = (
				AC1AF6F3210D82C30038FDF4 /* Debug */,
				AC1AF6F4210D82C30038FDF4 /* Release */,
			);
			defaultConfigurationIsVisible = 0;
			defaultConfigurationName = Release;
		};
		AC1AF6F5210D82C30038FDF4 /* Build configuration list for PBXNativeTarget "PhotoGalleryAppTests" */ = {
			isa = XCConfigurationList;
			buildConfigurations = (
				AC1AF6F6210D82C30038FDF4 /* Debug */,
				AC1AF6F7210D82C30038FDF4 /* Release */,
			);
			defaultConfigurationIsVisible = 0;
			defaultConfigurationName = Release;
		};
		AC1AF6F8210D82C30038FDF4 /* Build configuration list for PBXNativeTarget "PhotoGalleryAppUITests" */ = {
			isa = XCConfigurationList;
			buildConfigurations = (
				AC1AF6F9210D82C30038FDF4 /* Debug */,
				AC1AF6FA210D82C30038FDF4 /* Release */,
			);
			defaultConfigurationIsVisible = 0;
			defaultConfigurationName = Release;
		};
/* End XCConfigurationList section */

/* Begin XCVersionGroup section */
		AC1AF6D1210D82C00038FDF4 /* PhotoGalleryApp.xcdatamodeld */ = {
			isa = XCVersionGroup;
			children = (
				AC1AF6D2210D82C00038FDF4 /* PhotoGalleryApp.xcdatamodel */,
			);
			currentVersion = AC1AF6D2210D82C00038FDF4 /* PhotoGalleryApp.xcdatamodel */;
			path = PhotoGalleryApp.xcdatamodeld;
			sourceTree = "<group>";
			versionGroupType = wrapper.xcdatamodel;
		};
/* End XCVersionGroup section */
	};
	rootObject = AC1AF6BF210D82C00038FDF4 /* Project object */;
}
